// !$*UTF8*$!
{
	archiveVersion = 1;
	classes = {
	};
	objectVersion = 46;
	objects = {

/* Begin PBXBuildFile section */
		CF0AE97F1E40C16C00F226AE /* HomeScreenViewController.swift in Sources */ = {isa = PBXBuildFile; fileRef = CF0AE97E1E40C16C00F226AE /* HomeScreenViewController.swift */; };
		CF0AE9811E40C1B700F226AE /* GettingQRCodeViewController.swift in Sources */ = {isa = PBXBuildFile; fileRef = CF0AE9801E40C1B700F226AE /* GettingQRCodeViewController.swift */; };
		CF0AE9831E40C56800F226AE /* AfterScannedViewController.swift in Sources */ = {isa = PBXBuildFile; fileRef = CF0AE9821E40C56800F226AE /* AfterScannedViewController.swift */; };
		CF0AE9851E40C60700F226AE /* ProductContentCell.swift in Sources */ = {isa = PBXBuildFile; fileRef = CF0AE9841E40C60700F226AE /* ProductContentCell.swift */; };
		CF0AE9871E40C7F800F226AE /* BillDetail.swift in Sources */ = {isa = PBXBuildFile; fileRef = CF0AE9861E40C7F800F226AE /* BillDetail.swift */; };
		CF1401A71E434EB200E5C68A /* Extensions.swift in Sources */ = {isa = PBXBuildFile; fileRef = CF14019F1E434EB200E5C68A /* Extensions.swift */; };
		CF1401A81E434EB200E5C68A /* HomeController.swift in Sources */ = {isa = PBXBuildFile; fileRef = CF1401A01E434EB200E5C68A /* HomeController.swift */; };
		CF1401A91E434EB200E5C68A /* LoginCell.swift in Sources */ = {isa = PBXBuildFile; fileRef = CF1401A11E434EB200E5C68A /* LoginCell.swift */; };
		CF1401AA1E434EB200E5C68A /* LoginController.swift in Sources */ = {isa = PBXBuildFile; fileRef = CF1401A21E434EB200E5C68A /* LoginController.swift */; };
		CF1401AB1E434EB200E5C68A /* MainNavigationController.swift in Sources */ = {isa = PBXBuildFile; fileRef = CF1401A31E434EB200E5C68A /* MainNavigationController.swift */; };
		CF1401AC1E434EB200E5C68A /* Page.swift in Sources */ = {isa = PBXBuildFile; fileRef = CF1401A41E434EB200E5C68A /* Page.swift */; };
		CF1401AD1E434EB200E5C68A /* PageCell.swift in Sources */ = {isa = PBXBuildFile; fileRef = CF1401A51E434EB200E5C68A /* PageCell.swift */; };
		CF1401AE1E434EB200E5C68A /* UserDefaults+helpers.swift in Sources */ = {isa = PBXBuildFile; fileRef = CF1401A61E434EB200E5C68A /* UserDefaults+helpers.swift */; };
		CF1401B01E4355C300E5C68A /* CheckForBillViewController.swift in Sources */ = {isa = PBXBuildFile; fileRef = CF1401AF1E4355C300E5C68A /* CheckForBillViewController.swift */; };
		CF6378371E4249CD005ADE65 /* UserDetail.swift in Sources */ = {isa = PBXBuildFile; fileRef = CF6378361E4249CD005ADE65 /* UserDetail.swift */; };
		D388A8071E43F0D10079D079 /* EnvironmentTableViewController.swift in Sources */ = {isa = PBXBuildFile; fileRef = D388A8061E43F0D10079D079 /* EnvironmentTableViewController.swift */; };
		D388A8091E43F59D0079D079 /* EnvironmentTableViewCell.swift in Sources */ = {isa = PBXBuildFile; fileRef = D388A8081E43F59D0079D079 /* EnvironmentTableViewCell.swift */; };
		D388A80B1E44009C0079D079 /* AnimalTableViewController.swift in Sources */ = {isa = PBXBuildFile; fileRef = D388A80A1E44009C0079D079 /* AnimalTableViewController.swift */; };
		D388A80D1E4400AD0079D079 /* AnimalTableViewCell.swift in Sources */ = {isa = PBXBuildFile; fileRef = D388A80C1E4400AD0079D079 /* AnimalTableViewCell.swift */; };
		D388A80F1E44053E0079D079 /* HealthTableViewController.swift in Sources */ = {isa = PBXBuildFile; fileRef = D388A80E1E44053E0079D079 /* HealthTableViewController.swift */; };
		D388A8111E4405590079D079 /* HealthTableViewCell.swift in Sources */ = {isa = PBXBuildFile; fileRef = D388A8101E4405590079D079 /* HealthTableViewCell.swift */; };
		ED4B8B891E4390E600D8BE80 /* Main.storyboard in Resources */ = {isa = PBXBuildFile; fileRef = ED4B8B881E4390E600D8BE80 /* Main.storyboard */; };
		FFD5D2A81E40E17100A96973 /* LaunchScreen.storyboard in Resources */ = {isa = PBXBuildFile; fileRef = FFD5D2A71E40E17100A96973 /* LaunchScreen.storyboard */; };
		FFF1A7781E3F447500A2FFEE /* AppDelegate.swift in Sources */ = {isa = PBXBuildFile; fileRef = FFF1A7771E3F447500A2FFEE /* AppDelegate.swift */; };
		FFF1A77A1E3F447500A2FFEE /* ViewController.swift in Sources */ = {isa = PBXBuildFile; fileRef = FFF1A7791E3F447500A2FFEE /* ViewController.swift */; };
		FFF1A77F1E3F447500A2FFEE /* Assets.xcassets in Resources */ = {isa = PBXBuildFile; fileRef = FFF1A77E1E3F447500A2FFEE /* Assets.xcassets */; };
/* End PBXBuildFile section */

/* Begin PBXFileReference section */
		CF0AE97E1E40C16C00F226AE /* HomeScreenViewController.swift */ = {isa = PBXFileReference; fileEncoding = 4; lastKnownFileType = sourcecode.swift; path = HomeScreenViewController.swift; sourceTree = "<group>"; };
		CF0AE9801E40C1B700F226AE /* GettingQRCodeViewController.swift */ = {isa = PBXFileReference; fileEncoding = 4; lastKnownFileType = sourcecode.swift; path = GettingQRCodeViewController.swift; sourceTree = "<group>"; };
		CF0AE9821E40C56800F226AE /* AfterScannedViewController.swift */ = {isa = PBXFileReference; fileEncoding = 4; lastKnownFileType = sourcecode.swift; path = AfterScannedViewController.swift; sourceTree = "<group>"; };
		CF0AE9841E40C60700F226AE /* ProductContentCell.swift */ = {isa = PBXFileReference; fileEncoding = 4; lastKnownFileType = sourcecode.swift; path = ProductContentCell.swift; sourceTree = "<group>"; };
		CF0AE9861E40C7F800F226AE /* BillDetail.swift */ = {isa = PBXFileReference; fileEncoding = 4; lastKnownFileType = sourcecode.swift; path = BillDetail.swift; sourceTree = "<group>"; };
		CF14019F1E434EB200E5C68A /* Extensions.swift */ = {isa = PBXFileReference; fileEncoding = 4; lastKnownFileType = sourcecode.swift; path = Extensions.swift; sourceTree = "<group>"; };
		CF1401A01E434EB200E5C68A /* HomeController.swift */ = {isa = PBXFileReference; fileEncoding = 4; lastKnownFileType = sourcecode.swift; path = HomeController.swift; sourceTree = "<group>"; };
		CF1401A11E434EB200E5C68A /* LoginCell.swift */ = {isa = PBXFileReference; fileEncoding = 4; lastKnownFileType = sourcecode.swift; path = LoginCell.swift; sourceTree = "<group>"; };
		CF1401A21E434EB200E5C68A /* LoginController.swift */ = {isa = PBXFileReference; fileEncoding = 4; lastKnownFileType = sourcecode.swift; path = LoginController.swift; sourceTree = "<group>"; };
		CF1401A31E434EB200E5C68A /* MainNavigationController.swift */ = {isa = PBXFileReference; fileEncoding = 4; lastKnownFileType = sourcecode.swift; path = MainNavigationController.swift; sourceTree = "<group>"; };
		CF1401A41E434EB200E5C68A /* Page.swift */ = {isa = PBXFileReference; fileEncoding = 4; lastKnownFileType = sourcecode.swift; path = Page.swift; sourceTree = "<group>"; };
		CF1401A51E434EB200E5C68A /* PageCell.swift */ = {isa = PBXFileReference; fileEncoding = 4; lastKnownFileType = sourcecode.swift; path = PageCell.swift; sourceTree = "<group>"; };
		CF1401A61E434EB200E5C68A /* UserDefaults+helpers.swift */ = {isa = PBXFileReference; fileEncoding = 4; lastKnownFileType = sourcecode.swift; path = "UserDefaults+helpers.swift"; sourceTree = "<group>"; };
		CF1401AF1E4355C300E5C68A /* CheckForBillViewController.swift */ = {isa = PBXFileReference; fileEncoding = 4; lastKnownFileType = sourcecode.swift; path = CheckForBillViewController.swift; sourceTree = "<group>"; };
		CF6378361E4249CD005ADE65 /* UserDetail.swift */ = {isa = PBXFileReference; fileEncoding = 4; lastKnownFileType = sourcecode.swift; path = UserDetail.swift; sourceTree = "<group>"; };
		D388A8061E43F0D10079D079 /* EnvironmentTableViewController.swift */ = {isa = PBXFileReference; fileEncoding = 4; lastKnownFileType = sourcecode.swift; path = EnvironmentTableViewController.swift; sourceTree = "<group>"; };
		D388A8081E43F59D0079D079 /* EnvironmentTableViewCell.swift */ = {isa = PBXFileReference; fileEncoding = 4; lastKnownFileType = sourcecode.swift; path = EnvironmentTableViewCell.swift; sourceTree = "<group>"; };
		D388A80A1E44009C0079D079 /* AnimalTableViewController.swift */ = {isa = PBXFileReference; fileEncoding = 4; lastKnownFileType = sourcecode.swift; path = AnimalTableViewController.swift; sourceTree = "<group>"; };
		D388A80C1E4400AD0079D079 /* AnimalTableViewCell.swift */ = {isa = PBXFileReference; fileEncoding = 4; lastKnownFileType = sourcecode.swift; path = AnimalTableViewCell.swift; sourceTree = "<group>"; };
		D388A80E1E44053E0079D079 /* HealthTableViewController.swift */ = {isa = PBXFileReference; fileEncoding = 4; lastKnownFileType = sourcecode.swift; path = HealthTableViewController.swift; sourceTree = "<group>"; };
		D388A8101E4405590079D079 /* HealthTableViewCell.swift */ = {isa = PBXFileReference; fileEncoding = 4; lastKnownFileType = sourcecode.swift; path = HealthTableViewCell.swift; sourceTree = "<group>"; };
		ED4B8B881E4390E600D8BE80 /* Main.storyboard */ = {isa = PBXFileReference; fileEncoding = 4; lastKnownFileType = file.storyboard; path = Main.storyboard; sourceTree = "<group>"; };
		FFD5D2A71E40E17100A96973 /* LaunchScreen.storyboard */ = {isa = PBXFileReference; fileEncoding = 4; lastKnownFileType = file.storyboard; path = LaunchScreen.storyboard; sourceTree = "<group>"; };
		FFF1A7741E3F447500A2FFEE /* Agree-n.app */ = {isa = PBXFileReference; explicitFileType = wrapper.application; includeInIndex = 0; path = "Agree-n.app"; sourceTree = BUILT_PRODUCTS_DIR; };
		FFF1A7771E3F447500A2FFEE /* AppDelegate.swift */ = {isa = PBXFileReference; lastKnownFileType = sourcecode.swift; path = AppDelegate.swift; sourceTree = "<group>"; };
		FFF1A7791E3F447500A2FFEE /* ViewController.swift */ = {isa = PBXFileReference; lastKnownFileType = sourcecode.swift; path = ViewController.swift; sourceTree = "<group>"; };
		FFF1A77E1E3F447500A2FFEE /* Assets.xcassets */ = {isa = PBXFileReference; lastKnownFileType = folder.assetcatalog; path = Assets.xcassets; sourceTree = "<group>"; };
		FFF1A7831E3F447500A2FFEE /* Info.plist */ = {isa = PBXFileReference; lastKnownFileType = text.plist.xml; path = Info.plist; sourceTree = "<group>"; };
/* End PBXFileReference section */

/* Begin PBXFrameworksBuildPhase section */
		FFF1A7711E3F447500A2FFEE /* Frameworks */ = {
			isa = PBXFrameworksBuildPhase;
			buildActionMask = 2147483647;
			files = (
			);
			runOnlyForDeploymentPostprocessing = 0;
		};
/* End PBXFrameworksBuildPhase section */

/* Begin PBXGroup section */
		FFF1A76B1E3F447500A2FFEE = {
			isa = PBXGroup;
			children = (
				FFF1A7761E3F447500A2FFEE /* Agree-n */,
				FFF1A7751E3F447500A2FFEE /* Products */,
			);
			sourceTree = "<group>";
		};
		FFF1A7751E3F447500A2FFEE /* Products */ = {
			isa = PBXGroup;
			children = (
				FFF1A7741E3F447500A2FFEE /* Agree-n.app */,
			);
			name = Products;
			sourceTree = "<group>";
		};
		FFF1A7761E3F447500A2FFEE /* Agree-n */ = {
			isa = PBXGroup;
			children = (
				CF14019F1E434EB200E5C68A /* Extensions.swift */,
				CF1401A01E434EB200E5C68A /* HomeController.swift */,
				CF1401A11E434EB200E5C68A /* LoginCell.swift */,
				CF1401A21E434EB200E5C68A /* LoginController.swift */,
				CF1401A31E434EB200E5C68A /* MainNavigationController.swift */,
				CF1401A41E434EB200E5C68A /* Page.swift */,
				CF1401A51E434EB200E5C68A /* PageCell.swift */,
				CF1401A61E434EB200E5C68A /* UserDefaults+helpers.swift */,
				FFF1A7771E3F447500A2FFEE /* AppDelegate.swift */,
				FFF1A7791E3F447500A2FFEE /* ViewController.swift */,
				ED4B8B881E4390E600D8BE80 /* Main.storyboard */,
				FFF1A77E1E3F447500A2FFEE /* Assets.xcassets */,
				FFF1A7831E3F447500A2FFEE /* Info.plist */,
				FFD5D2A71E40E17100A96973 /* LaunchScreen.storyboard */,
				CF0AE97E1E40C16C00F226AE /* HomeScreenViewController.swift */,
				CF0AE9801E40C1B700F226AE /* GettingQRCodeViewController.swift */,
				CF0AE9821E40C56800F226AE /* AfterScannedViewController.swift */,
				CF0AE9841E40C60700F226AE /* ProductContentCell.swift */,
				CF0AE9861E40C7F800F226AE /* BillDetail.swift */,
				CF6378361E4249CD005ADE65 /* UserDetail.swift */,
				CF1401AF1E4355C300E5C68A /* CheckForBillViewController.swift */,
				D388A8061E43F0D10079D079 /* EnvironmentTableViewController.swift */,
				D388A8081E43F59D0079D079 /* EnvironmentTableViewCell.swift */,
				D388A80A1E44009C0079D079 /* AnimalTableViewController.swift */,
				D388A80C1E4400AD0079D079 /* AnimalTableViewCell.swift */,
				D388A80E1E44053E0079D079 /* HealthTableViewController.swift */,
				D388A8101E4405590079D079 /* HealthTableViewCell.swift */,
			);
			path = "Agree-n";
			sourceTree = "<group>";
		};
/* End PBXGroup section */

/* Begin PBXNativeTarget section */
		FFF1A7731E3F447500A2FFEE /* Agree-n */ = {
			isa = PBXNativeTarget;
			buildConfigurationList = FFF1A7861E3F447500A2FFEE /* Build configuration list for PBXNativeTarget "Agree-n" */;
			buildPhases = (
				FFF1A7701E3F447500A2FFEE /* Sources */,
				FFF1A7711E3F447500A2FFEE /* Frameworks */,
				FFF1A7721E3F447500A2FFEE /* Resources */,
			);
			buildRules = (
			);
			dependencies = (
			);
			name = "Agree-n";
			productName = "Agree-n";
			productReference = FFF1A7741E3F447500A2FFEE /* Agree-n.app */;
			productType = "com.apple.product-type.application";
		};
/* End PBXNativeTarget section */

/* Begin PBXProject section */
		FFF1A76C1E3F447500A2FFEE /* Project object */ = {
			isa = PBXProject;
			attributes = {
				LastSwiftUpdateCheck = 0820;
				LastUpgradeCheck = 0820;
				ORGANIZATIONNAME = "Matteo Palmieri";
				TargetAttributes = {
					FFF1A7731E3F447500A2FFEE = {
						CreatedOnToolsVersion = 8.2.1;
						DevelopmentTeam = 93JF9LS6ZY;
						ProvisioningStyle = Automatic;
					};
				};
			};
			buildConfigurationList = FFF1A76F1E3F447500A2FFEE /* Build configuration list for PBXProject "Agree-n" */;
			compatibilityVersion = "Xcode 3.2";
			developmentRegion = English;
			hasScannedForEncodings = 0;
			knownRegions = (
				en,
				Base,
			);
			mainGroup = FFF1A76B1E3F447500A2FFEE;
			productRefGroup = FFF1A7751E3F447500A2FFEE /* Products */;
			projectDirPath = "";
			projectRoot = "";
			targets = (
				FFF1A7731E3F447500A2FFEE /* Agree-n */,
			);
		};
/* End PBXProject section */

/* Begin PBXResourcesBuildPhase section */
		FFF1A7721E3F447500A2FFEE /* Resources */ = {
			isa = PBXResourcesBuildPhase;
			buildActionMask = 2147483647;
			files = (
				ED4B8B891E4390E600D8BE80 /* Main.storyboard in Resources */,
				FFD5D2A81E40E17100A96973 /* LaunchScreen.storyboard in Resources */,
				FFF1A77F1E3F447500A2FFEE /* Assets.xcassets in Resources */,
			);
			runOnlyForDeploymentPostprocessing = 0;
		};
/* End PBXResourcesBuildPhase section */

/* Begin PBXSourcesBuildPhase section */
		FFF1A7701E3F447500A2FFEE /* Sources */ = {
			isa = PBXSourcesBuildPhase;
			buildActionMask = 2147483647;
			files = (
				CF0AE9871E40C7F800F226AE /* BillDetail.swift in Sources */,
				D388A8071E43F0D10079D079 /* EnvironmentTableViewController.swift in Sources */,
				CF1401B01E4355C300E5C68A /* CheckForBillViewController.swift in Sources */,
				CF1401AA1E434EB200E5C68A /* LoginController.swift in Sources */,
				CF1401A71E434EB200E5C68A /* Extensions.swift in Sources */,
				FFF1A77A1E3F447500A2FFEE /* ViewController.swift in Sources */,
				CF1401AC1E434EB200E5C68A /* Page.swift in Sources */,
				CF0AE9851E40C60700F226AE /* ProductContentCell.swift in Sources */,
				CF1401A81E434EB200E5C68A /* HomeController.swift in Sources */,
				CF0AE9811E40C1B700F226AE /* GettingQRCodeViewController.swift in Sources */,
				CF1401A91E434EB200E5C68A /* LoginCell.swift in Sources */,
				D388A80B1E44009C0079D079 /* AnimalTableViewController.swift in Sources */,
				CF0AE9831E40C56800F226AE /* AfterScannedViewController.swift in Sources */,
				CF1401AE1E434EB200E5C68A /* UserDefaults+helpers.swift in Sources */,
				FFF1A7781E3F447500A2FFEE /* AppDelegate.swift in Sources */,
				D388A80D1E4400AD0079D079 /* AnimalTableViewCell.swift in Sources */,
				D388A8111E4405590079D079 /* HealthTableViewCell.swift in Sources */,
				CF1401AD1E434EB200E5C68A /* PageCell.swift in Sources */,
				CF6378371E4249CD005ADE65 /* UserDetail.swift in Sources */,
				CF1401AB1E434EB200E5C68A /* MainNavigationController.swift in Sources */,
				D388A80F1E44053E0079D079 /* HealthTableViewController.swift in Sources */,
				CF0AE97F1E40C16C00F226AE /* HomeScreenViewController.swift in Sources */,
				D388A8091E43F59D0079D079 /* EnvironmentTableViewCell.swift in Sources */,
			);
			runOnlyForDeploymentPostprocessing = 0;
		};
/* End PBXSourcesBuildPhase section */

/* Begin XCBuildConfiguration section */
		FFF1A7841E3F447500A2FFEE /* Debug */ = {
			isa = XCBuildConfiguration;
			buildSettings = {
				ALWAYS_SEARCH_USER_PATHS = NO;
				CLANG_ANALYZER_NONNULL = YES;
				CLANG_CXX_LANGUAGE_STANDARD = "gnu++0x";
				CLANG_CXX_LIBRARY = "libc++";
				CLANG_ENABLE_MODULES = YES;
				CLANG_ENABLE_OBJC_ARC = YES;
				CLANG_WARN_BOOL_CONVERSION = YES;
				CLANG_WARN_CONSTANT_CONVERSION = YES;
				CLANG_WARN_DIRECT_OBJC_ISA_USAGE = YES_ERROR;
				CLANG_WARN_DOCUMENTATION_COMMENTS = YES;
				CLANG_WARN_EMPTY_BODY = YES;
				CLANG_WARN_ENUM_CONVERSION = YES;
				CLANG_WARN_INFINITE_RECURSION = YES;
				CLANG_WARN_INT_CONVERSION = YES;
				CLANG_WARN_OBJC_ROOT_CLASS = YES_ERROR;
				CLANG_WARN_SUSPICIOUS_MOVE = YES;
				CLANG_WARN_UNREACHABLE_CODE = YES;
				CLANG_WARN__DUPLICATE_METHOD_MATCH = YES;
				"CODE_SIGN_IDENTITY[sdk=iphoneos*]" = "iPhone Developer";
				COPY_PHASE_STRIP = NO;
				DEBUG_INFORMATION_FORMAT = dwarf;
				ENABLE_STRICT_OBJC_MSGSEND = YES;
				ENABLE_TESTABILITY = YES;
				GCC_C_LANGUAGE_STANDARD = gnu99;
				GCC_DYNAMIC_NO_PIC = NO;
				GCC_NO_COMMON_BLOCKS = YES;
				GCC_OPTIMIZATION_LEVEL = 0;
				GCC_PREPROCESSOR_DEFINITIONS = (
					"DEBUG=1",
					"$(inherited)",
				);
				GCC_WARN_64_TO_32_BIT_CONVERSION = YES;
				GCC_WARN_ABOUT_RETURN_TYPE = YES_ERROR;
				GCC_WARN_UNDECLARED_SELECTOR = YES;
				GCC_WARN_UNINITIALIZED_AUTOS = YES_AGGRESSIVE;
				GCC_WARN_UNUSED_FUNCTION = YES;
				GCC_WARN_UNUSED_VARIABLE = YES;
				IPHONEOS_DEPLOYMENT_TARGET = 10.2;
				MTL_ENABLE_DEBUG_INFO = YES;
				ONLY_ACTIVE_ARCH = YES;
				SDKROOT = iphoneos;
				SWIFT_ACTIVE_COMPILATION_CONDITIONS = DEBUG;
				SWIFT_OPTIMIZATION_LEVEL = "-Onone";
			};
			name = Debug;
		};
		FFF1A7851E3F447500A2FFEE /* Release */ = {
			isa = XCBuildConfiguration;
			buildSettings = {
				ALWAYS_SEARCH_USER_PATHS = NO;
				CLANG_ANALYZER_NONNULL = YES;
				CLANG_CXX_LANGUAGE_STANDARD = "gnu++0x";
				CLANG_CXX_LIBRARY = "libc++";
				CLANG_ENABLE_MODULES = YES;
				CLANG_ENABLE_OBJC_ARC = YES;
				CLANG_WARN_BOOL_CONVERSION = YES;
				CLANG_WARN_CONSTANT_CONVERSION = YES;
				CLANG_WARN_DIRECT_OBJC_ISA_USAGE = YES_ERROR;
				CLANG_WARN_DOCUMENTATION_COMMENTS = YES;
				CLANG_WARN_EMPTY_BODY = YES;
				CLANG_WARN_ENUM_CONVERSION = YES;
				CLANG_WARN_INFINITE_RECURSION = YES;
				CLANG_WARN_INT_CONVERSION = YES;
				CLANG_WARN_OBJC_ROOT_CLASS = YES_ERROR;
				CLANG_WARN_SUSPICIOUS_MOVE = YES;
				CLANG_WARN_UNREACHABLE_CODE = YES;
				CLANG_WARN__DUPLICATE_METHOD_MATCH = YES;
				"CODE_SIGN_IDENTITY[sdk=iphoneos*]" = "iPhone Developer";
				COPY_PHASE_STRIP = NO;
				DEBUG_INFORMATION_FORMAT = "dwarf-with-dsym";
				ENABLE_NS_ASSERTIONS = NO;
				ENABLE_STRICT_OBJC_MSGSEND = YES;
				GCC_C_LANGUAGE_STANDARD = gnu99;
				GCC_NO_COMMON_BLOCKS = YES;
				GCC_WARN_64_TO_32_BIT_CONVERSION = YES;
				GCC_WARN_ABOUT_RETURN_TYPE = YES_ERROR;
				GCC_WARN_UNDECLARED_SELECTOR = YES;
				GCC_WARN_UNINITIALIZED_AUTOS = YES_AGGRESSIVE;
				GCC_WARN_UNUSED_FUNCTION = YES;
				GCC_WARN_UNUSED_VARIABLE = YES;
				IPHONEOS_DEPLOYMENT_TARGET = 10.2;
				MTL_ENABLE_DEBUG_INFO = NO;
				SDKROOT = iphoneos;
				SWIFT_OPTIMIZATION_LEVEL = "-Owholemodule";
				VALIDATE_PRODUCT = YES;
			};
			name = Release;
		};
		FFF1A7871E3F447500A2FFEE /* Debug */ = {
			isa = XCBuildConfiguration;
			buildSettings = {
				ASSETCATALOG_COMPILER_APPICON_NAME = AppIcon;
				DEVELOPMENT_TEAM = 93JF9LS6ZY;
				INFOPLIST_FILE = "Agree-n/Info.plist";
				LD_RUNPATH_SEARCH_PATHS = "$(inherited) @executable_path/Frameworks";
				PRODUCT_BUNDLE_IDENTIFIER = "it.iosfoundation.Agree-n";
				PRODUCT_NAME = "$(TARGET_NAME)";
				SWIFT_VERSION = 3.0;
			};
			name = Debug;
		};
		FFF1A7881E3F447500A2FFEE /* Release */ = {
			isa = XCBuildConfiguration;
			buildSettings = {
				ASSETCATALOG_COMPILER_APPICON_NAME = AppIcon;
				DEVELOPMENT_TEAM = 93JF9LS6ZY;
				INFOPLIST_FILE = "Agree-n/Info.plist";
				LD_RUNPATH_SEARCH_PATHS = "$(inherited) @executable_path/Frameworks";
				PRODUCT_BUNDLE_IDENTIFIER = "it.iosfoundation.Agree-n";
				PRODUCT_NAME = "$(TARGET_NAME)";
				SWIFT_VERSION = 3.0;
			};
			name = Release;
		};
/* End XCBuildConfiguration section */

/* Begin XCConfigurationList section */
		FFF1A76F1E3F447500A2FFEE /* Build configuration list for PBXProject "Agree-n" */ = {
			isa = XCConfigurationList;
			buildConfigurations = (
				FFF1A7841E3F447500A2FFEE /* Debug */,
				FFF1A7851E3F447500A2FFEE /* Release */,
			);
			defaultConfigurationIsVisible = 0;
			defaultConfigurationName = Release;
		};
		FFF1A7861E3F447500A2FFEE /* Build configuration list for PBXNativeTarget "Agree-n" */ = {
			isa = XCConfigurationList;
			buildConfigurations = (
				FFF1A7871E3F447500A2FFEE /* Debug */,
				FFF1A7881E3F447500A2FFEE /* Release */,
			);
			defaultConfigurationIsVisible = 0;
			defaultConfigurationName = Release;
		};
/* End XCConfigurationList section */
	};
	rootObject = FFF1A76C1E3F447500A2FFEE /* Project object */;
}
